// !$*UTF8*$!
{
	archiveVersion = 1;
	classes = {
	};
	objectVersion = 55;
	objects = {

/* Begin PBXBuildFile section */
		6D4BD86B27505287004F454A /* AppDelegate.swift in Sources */ = {isa = PBXBuildFile; fileRef = 6D4BD86A27505287004F454A /* AppDelegate.swift */; };
		6D4BD86D27505287004F454A /* SceneDelegate.swift in Sources */ = {isa = PBXBuildFile; fileRef = 6D4BD86C27505287004F454A /* SceneDelegate.swift */; };
		6D4BD86F27505287004F454A /* ViewController.swift in Sources */ = {isa = PBXBuildFile; fileRef = 6D4BD86E27505287004F454A /* ViewController.swift */; };
		6D4BD87227505287004F454A /* Main.storyboard in Resources */ = {isa = PBXBuildFile; fileRef = 6D4BD87027505287004F454A /* Main.storyboard */; };
		6D4BD87427505288004F454A /* Assets.xcassets in Resources */ = {isa = PBXBuildFile; fileRef = 6D4BD87327505288004F454A /* Assets.xcassets */; };
		6D4BD87727505288004F454A /* LaunchScreen.storyboard in Resources */ = {isa = PBXBuildFile; fileRef = 6D4BD87527505288004F454A /* LaunchScreen.storyboard */; };
		6D4BD88227505288004F454A /* chpanPW6Tests.swift in Sources */ = {isa = PBXBuildFile; fileRef = 6D4BD88127505288004F454A /* chpanPW6Tests.swift */; };
		6D4BD88C27505288004F454A /* chpanPW6UITests.swift in Sources */ = {isa = PBXBuildFile; fileRef = 6D4BD88B27505288004F454A /* chpanPW6UITests.swift */; };
		6D4BD88E27505288004F454A /* chpanPW6UITestsLaunchTests.swift in Sources */ = {isa = PBXBuildFile; fileRef = 6D4BD88D27505288004F454A /* chpanPW6UITestsLaunchTests.swift */; };
		6D4BD89C2750F6AA004F454A /* ARKit.framework in Frameworks */ = {isa = PBXBuildFile; fileRef = 6D4BD89B2750F6AA004F454A /* ARKit.framework */; };
		6D4BD8CE275124C0004F454A /* MyLogger1.framework in Frameworks */ = {isa = PBXBuildFile; fileRef = 6D4BD8CB275124B1004F454A /* MyLogger1.framework */; };
		6D4BD8CF275124C0004F454A /* MyLogger1.framework in Embed Frameworks */ = {isa = PBXBuildFile; fileRef = 6D4BD8CB275124B1004F454A /* MyLogger1.framework */; settings = {ATTRIBUTES = (CodeSignOnCopy, RemoveHeadersOnCopy, ); }; };
		6D4BD8D327512673004F454A /* SystemPackage in Frameworks */ = {isa = PBXBuildFile; productRef = 6D4BD8D227512673004F454A /* SystemPackage */; };
		6D4BD907275138C2004F454A /* MyLogger2 in Frameworks */ = {isa = PBXBuildFile; productRef = 6D4BD906275138C2004F454A /* MyLogger2 */; };
		7596A972CFFE78DA8EB2E0B7 /* Pods_chpanPW6.framework in Frameworks */ = {isa = PBXBuildFile; fileRef = 1B1C0F2D98C6E591E26D4684 /* Pods_chpanPW6.framework */; };
/* End PBXBuildFile section */

/* Begin PBXContainerItemProxy section */
		6D4BD87E27505288004F454A /* PBXContainerItemProxy */ = {
			isa = PBXContainerItemProxy;
			containerPortal = 6D4BD85F27505287004F454A /* Project object */;
			proxyType = 1;
			remoteGlobalIDString = 6D4BD86627505287004F454A;
			remoteInfo = chpanPW6;
		};
		6D4BD88827505288004F454A /* PBXContainerItemProxy */ = {
			isa = PBXContainerItemProxy;
			containerPortal = 6D4BD85F27505287004F454A /* Project object */;
			proxyType = 1;
			remoteGlobalIDString = 6D4BD86627505287004F454A;
			remoteInfo = chpanPW6;
		};
		6D4BD8CA275124B1004F454A /* PBXContainerItemProxy */ = {
			isa = PBXContainerItemProxy;
			containerPortal = 6D4BD8C5275124B1004F454A /* MyLogger1.xcodeproj */;
			proxyType = 2;
			remoteGlobalIDString = 6D4BD8A727512407004F454A;
			remoteInfo = MyLogger1;
		};
		6D4BD8CC275124B1004F454A /* PBXContainerItemProxy */ = {
			isa = PBXContainerItemProxy;
			containerPortal = 6D4BD8C5275124B1004F454A /* MyLogger1.xcodeproj */;
			proxyType = 2;
			remoteGlobalIDString = 6D4BD8B127512407004F454A;
			remoteInfo = MyLogger1Tests;
		};
/* End PBXContainerItemProxy section */

/* Begin PBXCopyFilesBuildPhase section */
		6D4BD8D0275124C0004F454A /* Embed Frameworks */ = {
			isa = PBXCopyFilesBuildPhase;
			buildActionMask = 2147483647;
			dstPath = "";
			dstSubfolderSpec = 10;
			files = (
				6D4BD8CF275124C0004F454A /* MyLogger1.framework in Embed Frameworks */,
			);
			name = "Embed Frameworks";
			runOnlyForDeploymentPostprocessing = 0;
		};
/* End PBXCopyFilesBuildPhase section */

/* Begin PBXFileReference section */
		0AC01D4ACF87B71221B62F07 /* Pods-chpanPW6.release.xcconfig */ = {isa = PBXFileReference; includeInIndex = 1; lastKnownFileType = text.xcconfig; name = "Pods-chpanPW6.release.xcconfig"; path = "Target Support Files/Pods-chpanPW6/Pods-chpanPW6.release.xcconfig"; sourceTree = "<group>"; };
		1B1C0F2D98C6E591E26D4684 /* Pods_chpanPW6.framework */ = {isa = PBXFileReference; explicitFileType = wrapper.framework; includeInIndex = 0; path = Pods_chpanPW6.framework; sourceTree = BUILT_PRODUCTS_DIR; };
		361591EE295098E693E3AE8E /* Pods-chpanPW6.debug.xcconfig */ = {isa = PBXFileReference; includeInIndex = 1; lastKnownFileType = text.xcconfig; name = "Pods-chpanPW6.debug.xcconfig"; path = "Target Support Files/Pods-chpanPW6/Pods-chpanPW6.debug.xcconfig"; sourceTree = "<group>"; };
		6D4BD86727505287004F454A /* chpanPW6.app */ = {isa = PBXFileReference; explicitFileType = wrapper.application; includeInIndex = 0; path = chpanPW6.app; sourceTree = BUILT_PRODUCTS_DIR; };
		6D4BD86A27505287004F454A /* AppDelegate.swift */ = {isa = PBXFileReference; lastKnownFileType = sourcecode.swift; path = AppDelegate.swift; sourceTree = "<group>"; };
		6D4BD86C27505287004F454A /* SceneDelegate.swift */ = {isa = PBXFileReference; lastKnownFileType = sourcecode.swift; path = SceneDelegate.swift; sourceTree = "<group>"; };
		6D4BD86E27505287004F454A /* ViewController.swift */ = {isa = PBXFileReference; lastKnownFileType = sourcecode.swift; path = ViewController.swift; sourceTree = "<group>"; };
		6D4BD87127505287004F454A /* Base */ = {isa = PBXFileReference; lastKnownFileType = file.storyboard; name = Base; path = Base.lproj/Main.storyboard; sourceTree = "<group>"; };
		6D4BD87327505288004F454A /* Assets.xcassets */ = {isa = PBXFileReference; lastKnownFileType = folder.assetcatalog; path = Assets.xcassets; sourceTree = "<group>"; };
		6D4BD87627505288004F454A /* Base */ = {isa = PBXFileReference; lastKnownFileType = file.storyboard; name = Base; path = Base.lproj/LaunchScreen.storyboard; sourceTree = "<group>"; };
		6D4BD87827505288004F454A /* Info.plist */ = {isa = PBXFileReference; lastKnownFileType = text.plist.xml; path = Info.plist; sourceTree = "<group>"; };
		6D4BD87D27505288004F454A /* chpanPW6Tests.xctest */ = {isa = PBXFileReference; explicitFileType = wrapper.cfbundle; includeInIndex = 0; path = chpanPW6Tests.xctest; sourceTree = BUILT_PRODUCTS_DIR; };
		6D4BD88127505288004F454A /* chpanPW6Tests.swift */ = {isa = PBXFileReference; lastKnownFileType = sourcecode.swift; path = chpanPW6Tests.swift; sourceTree = "<group>"; };
		6D4BD88727505288004F454A /* chpanPW6UITests.xctest */ = {isa = PBXFileReference; explicitFileType = wrapper.cfbundle; includeInIndex = 0; path = chpanPW6UITests.xctest; sourceTree = BUILT_PRODUCTS_DIR; };
		6D4BD88B27505288004F454A /* chpanPW6UITests.swift */ = {isa = PBXFileReference; lastKnownFileType = sourcecode.swift; path = chpanPW6UITests.swift; sourceTree = "<group>"; };
		6D4BD88D27505288004F454A /* chpanPW6UITestsLaunchTests.swift */ = {isa = PBXFileReference; lastKnownFileType = sourcecode.swift; path = chpanPW6UITestsLaunchTests.swift; sourceTree = "<group>"; };
		6D4BD89B2750F6AA004F454A /* ARKit.framework */ = {isa = PBXFileReference; lastKnownFileType = wrapper.framework; name = ARKit.framework; path = System/Library/Frameworks/ARKit.framework; sourceTree = SDKROOT; };
		6D4BD8C5275124B1004F454A /* MyLogger1.xcodeproj */ = {isa = PBXFileReference; lastKnownFileType = "wrapper.pb-project"; name = MyLogger1.xcodeproj; path = ../MyLogger1/MyLogger1.xcodeproj; sourceTree = "<group>"; };
		6D4BD903275138B8004F454A /* MyLogger2 */ = {isa = PBXFileReference; lastKnownFileType = folder; name = MyLogger2; path = ../MyLogger2; sourceTree = "<group>"; };
/* End PBXFileReference section */

/* Begin PBXFrameworksBuildPhase section */
		6D4BD86427505287004F454A /* Frameworks */ = {
			isa = PBXFrameworksBuildPhase;
			buildActionMask = 2147483647;
			files = (
				6D4BD8CE275124C0004F454A /* MyLogger1.framework in Frameworks */,
				6D4BD907275138C2004F454A /* MyLogger2 in Frameworks */,
				6D4BD8D327512673004F454A /* SystemPackage in Frameworks */,
				6D4BD89C2750F6AA004F454A /* ARKit.framework in Frameworks */,
				7596A972CFFE78DA8EB2E0B7 /* Pods_chpanPW6.framework in Frameworks */,
			);
			runOnlyForDeploymentPostprocessing = 0;
		};
		6D4BD87A27505288004F454A /* Frameworks */ = {
			isa = PBXFrameworksBuildPhase;
			buildActionMask = 2147483647;
			files = (
			);
			runOnlyForDeploymentPostprocessing = 0;
		};
		6D4BD88427505288004F454A /* Frameworks */ = {
			isa = PBXFrameworksBuildPhase;
			buildActionMask = 2147483647;
			files = (
			);
			runOnlyForDeploymentPostprocessing = 0;
		};
/* End PBXFrameworksBuildPhase section */

/* Begin PBXGroup section */
		6881EFEFC534978EE0DD902D /* Pods */ = {
			isa = PBXGroup;
			children = (
				361591EE295098E693E3AE8E /* Pods-chpanPW6.debug.xcconfig */,
				0AC01D4ACF87B71221B62F07 /* Pods-chpanPW6.release.xcconfig */,
			);
			name = Pods;
			path = Pods;
			sourceTree = "<group>";
		};
		6D4BD85E27505287004F454A = {
			isa = PBXGroup;
			children = (
				6D4BD902275138B8004F454A /* Packages */,
				6D4BD8C5275124B1004F454A /* MyLogger1.xcodeproj */,
				6D4BD86927505287004F454A /* chpanPW6 */,
				6D4BD88027505288004F454A /* chpanPW6Tests */,
				6D4BD88A27505288004F454A /* chpanPW6UITests */,
				6D4BD86827505287004F454A /* Products */,
				6D4BD89A2750F6AA004F454A /* Frameworks */,
				6881EFEFC534978EE0DD902D /* Pods */,
			);
			sourceTree = "<group>";
		};
		6D4BD86827505287004F454A /* Products */ = {
			isa = PBXGroup;
			children = (
				6D4BD86727505287004F454A /* chpanPW6.app */,
				6D4BD87D27505288004F454A /* chpanPW6Tests.xctest */,
				6D4BD88727505288004F454A /* chpanPW6UITests.xctest */,
			);
			name = Products;
			sourceTree = "<group>";
		};
		6D4BD86927505287004F454A /* chpanPW6 */ = {
			isa = PBXGroup;
			children = (
				6D4BD86A27505287004F454A /* AppDelegate.swift */,
				6D4BD86C27505287004F454A /* SceneDelegate.swift */,
				6D4BD86E27505287004F454A /* ViewController.swift */,
				6D4BD87027505287004F454A /* Main.storyboard */,
				6D4BD87327505288004F454A /* Assets.xcassets */,
				6D4BD87527505288004F454A /* LaunchScreen.storyboard */,
				6D4BD87827505288004F454A /* Info.plist */,
			);
			path = chpanPW6;
			sourceTree = "<group>";
		};
		6D4BD88027505288004F454A /* chpanPW6Tests */ = {
			isa = PBXGroup;
			children = (
				6D4BD88127505288004F454A /* chpanPW6Tests.swift */,
			);
			path = chpanPW6Tests;
			sourceTree = "<group>";
		};
		6D4BD88A27505288004F454A /* chpanPW6UITests */ = {
			isa = PBXGroup;
			children = (
				6D4BD88B27505288004F454A /* chpanPW6UITests.swift */,
				6D4BD88D27505288004F454A /* chpanPW6UITestsLaunchTests.swift */,
			);
			path = chpanPW6UITests;
			sourceTree = "<group>";
		};
		6D4BD89A2750F6AA004F454A /* Frameworks */ = {
			isa = PBXGroup;
			children = (
				6D4BD89B2750F6AA004F454A /* ARKit.framework */,
				1B1C0F2D98C6E591E26D4684 /* Pods_chpanPW6.framework */,
			);
			name = Frameworks;
			sourceTree = "<group>";
		};
		6D4BD8C6275124B1004F454A /* Products */ = {
			isa = PBXGroup;
			children = (
				6D4BD8CB275124B1004F454A /* MyLogger1.framework */,
				6D4BD8CD275124B1004F454A /* MyLogger1Tests.xctest */,
			);
			name = Products;
			sourceTree = "<group>";
		};
		6D4BD902275138B8004F454A /* Packages */ = {
			isa = PBXGroup;
			children = (
				6D4BD903275138B8004F454A /* MyLogger2 */,
			);
			name = Packages;
			sourceTree = "<group>";
		};
/* End PBXGroup section */

/* Begin PBXNativeTarget section */
		6D4BD86627505287004F454A /* chpanPW6 */ = {
			isa = PBXNativeTarget;
			buildConfigurationList = 6D4BD89127505288004F454A /* Build configuration list for PBXNativeTarget "chpanPW6" */;
			buildPhases = (
				646C037BD8A61CA0B86CAA31 /* [CP] Check Pods Manifest.lock */,
				6D4BD86327505287004F454A /* Sources */,
				6D4BD86427505287004F454A /* Frameworks */,
				6D4BD86527505287004F454A /* Resources */,
				6D4BD8D0275124C0004F454A /* Embed Frameworks */,
				49ED6D7139DD7B45C170CC8A /* [CP] Embed Pods Frameworks */,
			);
			buildRules = (
			);
			dependencies = (
			);
			name = chpanPW6;
			packageProductDependencies = (
				6D4BD8D227512673004F454A /* SystemPackage */,
				6D4BD906275138C2004F454A /* MyLogger2 */,
			);
			productName = chpanPW6;
			productReference = 6D4BD86727505287004F454A /* chpanPW6.app */;
			productType = "com.apple.product-type.application";
		};
		6D4BD87C27505288004F454A /* chpanPW6Tests */ = {
			isa = PBXNativeTarget;
			buildConfigurationList = 6D4BD89427505288004F454A /* Build configuration list for PBXNativeTarget "chpanPW6Tests" */;
			buildPhases = (
				6D4BD87927505288004F454A /* Sources */,
				6D4BD87A27505288004F454A /* Frameworks */,
				6D4BD87B27505288004F454A /* Resources */,
			);
			buildRules = (
			);
			dependencies = (
				6D4BD87F27505288004F454A /* PBXTargetDependency */,
			);
			name = chpanPW6Tests;
			productName = chpanPW6Tests;
			productReference = 6D4BD87D27505288004F454A /* chpanPW6Tests.xctest */;
			productType = "com.apple.product-type.bundle.unit-test";
		};
		6D4BD88627505288004F454A /* chpanPW6UITests */ = {
			isa = PBXNativeTarget;
			buildConfigurationList = 6D4BD89727505288004F454A /* Build configuration list for PBXNativeTarget "chpanPW6UITests" */;
			buildPhases = (
				6D4BD88327505288004F454A /* Sources */,
				6D4BD88427505288004F454A /* Frameworks */,
				6D4BD88527505288004F454A /* Resources */,
			);
			buildRules = (
			);
			dependencies = (
				6D4BD88927505288004F454A /* PBXTargetDependency */,
			);
			name = chpanPW6UITests;
			productName = chpanPW6UITests;
			productReference = 6D4BD88727505288004F454A /* chpanPW6UITests.xctest */;
			productType = "com.apple.product-type.bundle.ui-testing";
		};
/* End PBXNativeTarget section */

/* Begin PBXProject section */
		6D4BD85F27505287004F454A /* Project object */ = {
			isa = PBXProject;
			attributes = {
				BuildIndependentTargetsInParallel = 1;
				LastSwiftUpdateCheck = 1310;
				LastUpgradeCheck = 1310;
				TargetAttributes = {
					6D4BD86627505287004F454A = {
						CreatedOnToolsVersion = 13.1;
					};
					6D4BD87C27505288004F454A = {
						CreatedOnToolsVersion = 13.1;
						TestTargetID = 6D4BD86627505287004F454A;
					};
					6D4BD88627505288004F454A = {
						CreatedOnToolsVersion = 13.1;
						TestTargetID = 6D4BD86627505287004F454A;
					};
				};
			};
			buildConfigurationList = 6D4BD86227505287004F454A /* Build configuration list for PBXProject "chpanPW6" */;
			compatibilityVersion = "Xcode 13.0";
			developmentRegion = en;
			hasScannedForEncodings = 0;
			knownRegions = (
				en,
				Base,
			);
			mainGroup = 6D4BD85E27505287004F454A;
			packageReferences = (
				6D4BD8D127512673004F454A /* XCRemoteSwiftPackageReference "swift-system.git" */,
			);
			productRefGroup = 6D4BD86827505287004F454A /* Products */;
			projectDirPath = "";
			projectReferences = (
				{
					ProductGroup = 6D4BD8C6275124B1004F454A /* Products */;
					ProjectRef = 6D4BD8C5275124B1004F454A /* MyLogger1.xcodeproj */;
				},
			);
			projectRoot = "";
			targets = (
				6D4BD86627505287004F454A /* chpanPW6 */,
				6D4BD87C27505288004F454A /* chpanPW6Tests */,
				6D4BD88627505288004F454A /* chpanPW6UITests */,
			);
		};
/* End PBXProject section */

/* Begin PBXReferenceProxy section */
		6D4BD8CB275124B1004F454A /* MyLogger1.framework */ = {
			isa = PBXReferenceProxy;
			fileType = wrapper.framework;
			path = MyLogger1.framework;
			remoteRef = 6D4BD8CA275124B1004F454A /* PBXContainerItemProxy */;
			sourceTree = BUILT_PRODUCTS_DIR;
		};
		6D4BD8CD275124B1004F454A /* MyLogger1Tests.xctest */ = {
			isa = PBXReferenceProxy;
			fileType = wrapper.cfbundle;
			path = MyLogger1Tests.xctest;
			remoteRef = 6D4BD8CC275124B1004F454A /* PBXContainerItemProxy */;
			sourceTree = BUILT_PRODUCTS_DIR;
		};
/* End PBXReferenceProxy section */

/* Begin PBXResourcesBuildPhase section */
		6D4BD86527505287004F454A /* Resources */ = {
			isa = PBXResourcesBuildPhase;
			buildActionMask = 2147483647;
			files = (
				6D4BD87727505288004F454A /* LaunchScreen.storyboard in Resources */,
				6D4BD87427505288004F454A /* Assets.xcassets in Resources */,
				6D4BD87227505287004F454A /* Main.storyboard in Resources */,
			);
			runOnlyForDeploymentPostprocessing = 0;
		};
		6D4BD87B27505288004F454A /* Resources */ = {
			isa = PBXResourcesBuildPhase;
			buildActionMask = 2147483647;
			files = (
			);
			runOnlyForDeploymentPostprocessing = 0;
		};
		6D4BD88527505288004F454A /* Resources */ = {
			isa = PBXResourcesBuildPhase;
			buildActionMask = 2147483647;
			files = (
			);
			runOnlyForDeploymentPostprocessing = 0;
		};
/* End PBXResourcesBuildPhase section */

/* Begin PBXShellScriptBuildPhase section */
		49ED6D7139DD7B45C170CC8A /* [CP] Embed Pods Frameworks */ = {
			isa = PBXShellScriptBuildPhase;
			buildActionMask = 2147483647;
			files = (
			);
			inputFileListPaths = (
				"${PODS_ROOT}/Target Support Files/Pods-chpanPW6/Pods-chpanPW6-frameworks-${CONFIGURATION}-input-files.xcfilelist",
			);
			name = "[CP] Embed Pods Frameworks";
			outputFileListPaths = (
				"${PODS_ROOT}/Target Support Files/Pods-chpanPW6/Pods-chpanPW6-frameworks-${CONFIGURATION}-output-files.xcfilelist",
			);
			runOnlyForDeploymentPostprocessing = 0;
			shellPath = /bin/sh;
			shellScript = "\"${PODS_ROOT}/Target Support Files/Pods-chpanPW6/Pods-chpanPW6-frameworks.sh\"\n";
			showEnvVarsInLog = 0;
		};
		646C037BD8A61CA0B86CAA31 /* [CP] Check Pods Manifest.lock */ = {
			isa = PBXShellScriptBuildPhase;
			buildActionMask = 2147483647;
			files = (
			);
			inputFileListPaths = (
			);
			inputPaths = (
				"${PODS_PODFILE_DIR_PATH}/Podfile.lock",
				"${PODS_ROOT}/Manifest.lock",
			);
			name = "[CP] Check Pods Manifest.lock";
			outputFileListPaths = (
			);
			outputPaths = (
				"$(DERIVED_FILE_DIR)/Pods-chpanPW6-checkManifestLockResult.txt",
			);
			runOnlyForDeploymentPostprocessing = 0;
			shellPath = /bin/sh;
			shellScript = "diff \"${PODS_PODFILE_DIR_PATH}/Podfile.lock\" \"${PODS_ROOT}/Manifest.lock\" > /dev/null\nif [ $? != 0 ] ; then\n    # print error to STDERR\n    echo \"error: The sandbox is not in sync with the Podfile.lock. Run 'pod install' or update your CocoaPods installation.\" >&2\n    exit 1\nfi\n# This output is used by Xcode 'outputs' to avoid re-running this script phase.\necho \"SUCCESS\" > \"${SCRIPT_OUTPUT_FILE_0}\"\n";
			showEnvVarsInLog = 0;
		};
/* End PBXShellScriptBuildPhase section */

/* Begin PBXSourcesBuildPhase section */
		6D4BD86327505287004F454A /* Sources */ = {
			isa = PBXSourcesBuildPhase;
			buildActionMask = 2147483647;
			files = (
				6D4BD86F27505287004F454A /* ViewController.swift in Sources */,
				6D4BD86B27505287004F454A /* AppDelegate.swift in Sources */,
				6D4BD86D27505287004F454A /* SceneDelegate.swift in Sources */,
			);
			runOnlyForDeploymentPostprocessing = 0;
		};
		6D4BD87927505288004F454A /* Sources */ = {
			isa = PBXSourcesBuildPhase;
			buildActionMask = 2147483647;
			files = (
				6D4BD88227505288004F454A /* chpanPW6Tests.swift in Sources */,
			);
			runOnlyForDeploymentPostprocessing = 0;
		};
		6D4BD88327505288004F454A /* Sources */ = {
			isa = PBXSourcesBuildPhase;
			buildActionMask = 2147483647;
			files = (
				6D4BD88E27505288004F454A /* chpanPW6UITestsLaunchTests.swift in Sources */,
				6D4BD88C27505288004F454A /* chpanPW6UITests.swift in Sources */,
			);
			runOnlyForDeploymentPostprocessing = 0;
		};
/* End PBXSourcesBuildPhase section */

/* Begin PBXTargetDependency section */
		6D4BD87F27505288004F454A /* PBXTargetDependency */ = {
			isa = PBXTargetDependency;
			target = 6D4BD86627505287004F454A /* chpanPW6 */;
			targetProxy = 6D4BD87E27505288004F454A /* PBXContainerItemProxy */;
		};
		6D4BD88927505288004F454A /* PBXTargetDependency */ = {
			isa = PBXTargetDependency;
			target = 6D4BD86627505287004F454A /* chpanPW6 */;
			targetProxy = 6D4BD88827505288004F454A /* PBXContainerItemProxy */;
		};
/* End PBXTargetDependency section */

/* Begin PBXVariantGroup section */
		6D4BD87027505287004F454A /* Main.storyboard */ = {
			isa = PBXVariantGroup;
			children = (
				6D4BD87127505287004F454A /* Base */,
			);
			name = Main.storyboard;
			sourceTree = "<group>";
		};
		6D4BD87527505288004F454A /* LaunchScreen.storyboard */ = {
			isa = PBXVariantGroup;
			children = (
				6D4BD87627505288004F454A /* Base */,
			);
			name = LaunchScreen.storyboard;
			sourceTree = "<group>";
		};
/* End PBXVariantGroup section */

/* Begin XCBuildConfiguration section */
		6D4BD88F27505288004F454A /* Debug */ = {
			isa = XCBuildConfiguration;
			buildSettings = {
				ALWAYS_SEARCH_USER_PATHS = NO;
				CLANG_ANALYZER_NONNULL = YES;
				CLANG_ANALYZER_NUMBER_OBJECT_CONVERSION = YES_AGGRESSIVE;
				CLANG_CXX_LANGUAGE_STANDARD = "gnu++17";
				CLANG_CXX_LIBRARY = "libc++";
				CLANG_ENABLE_MODULES = YES;
				CLANG_ENABLE_OBJC_ARC = YES;
				CLANG_ENABLE_OBJC_WEAK = YES;
				CLANG_WARN_BLOCK_CAPTURE_AUTORELEASING = YES;
				CLANG_WARN_BOOL_CONVERSION = YES;
				CLANG_WARN_COMMA = YES;
				CLANG_WARN_CONSTANT_CONVERSION = YES;
				CLANG_WARN_DEPRECATED_OBJC_IMPLEMENTATIONS = YES;
				CLANG_WARN_DIRECT_OBJC_ISA_USAGE = YES_ERROR;
				CLANG_WARN_DOCUMENTATION_COMMENTS = YES;
				CLANG_WARN_EMPTY_BODY = YES;
				CLANG_WARN_ENUM_CONVERSION = YES;
				CLANG_WARN_INFINITE_RECURSION = YES;
				CLANG_WARN_INT_CONVERSION = YES;
				CLANG_WARN_NON_LITERAL_NULL_CONVERSION = YES;
				CLANG_WARN_OBJC_IMPLICIT_RETAIN_SELF = YES;
				CLANG_WARN_OBJC_LITERAL_CONVERSION = YES;
				CLANG_WARN_OBJC_ROOT_CLASS = YES_ERROR;
				CLANG_WARN_QUOTED_INCLUDE_IN_FRAMEWORK_HEADER = YES;
				CLANG_WARN_RANGE_LOOP_ANALYSIS = YES;
				CLANG_WARN_STRICT_PROTOTYPES = YES;
				CLANG_WARN_SUSPICIOUS_MOVE = YES;
				CLANG_WARN_UNGUARDED_AVAILABILITY = YES_AGGRESSIVE;
				CLANG_WARN_UNREACHABLE_CODE = YES;
				CLANG_WARN__DUPLICATE_METHOD_MATCH = YES;
				COPY_PHASE_STRIP = NO;
				DEBUG_INFORMATION_FORMAT = dwarf;
				ENABLE_STRICT_OBJC_MSGSEND = YES;
				ENABLE_TESTABILITY = YES;
				GCC_C_LANGUAGE_STANDARD = gnu11;
				GCC_DYNAMIC_NO_PIC = NO;
				GCC_NO_COMMON_BLOCKS = YES;
				GCC_OPTIMIZATION_LEVEL = 0;
				GCC_PREPROCESSOR_DEFINITIONS = (
					"DEBUG=1",
					"$(inherited)",
				);
				GCC_WARN_64_TO_32_BIT_CONVERSION = YES;
				GCC_WARN_ABOUT_RETURN_TYPE = YES_ERROR;
				GCC_WARN_UNDECLARED_SELECTOR = YES;
				GCC_WARN_UNINITIALIZED_AUTOS = YES_AGGRESSIVE;
				GCC_WARN_UNUSED_FUNCTION = YES;
				GCC_WARN_UNUSED_VARIABLE = YES;
				IPHONEOS_DEPLOYMENT_TARGET = 15.0;
				MTL_ENABLE_DEBUG_INFO = INCLUDE_SOURCE;
				MTL_FAST_MATH = YES;
				ONLY_ACTIVE_ARCH = YES;
				SDKROOT = iphoneos;
				SWIFT_ACTIVE_COMPILATION_CONDITIONS = DEBUG;
				SWIFT_OPTIMIZATION_LEVEL = "-Onone";
			};
			name = Debug;
		};
		6D4BD89027505288004F454A /* Release */ = {
			isa = XCBuildConfiguration;
			buildSettings = {
				ALWAYS_SEARCH_USER_PATHS = NO;
				CLANG_ANALYZER_NONNULL = YES;
				CLANG_ANALYZER_NUMBER_OBJECT_CONVERSION = YES_AGGRESSIVE;
				CLANG_CXX_LANGUAGE_STANDARD = "gnu++17";
				CLANG_CXX_LIBRARY = "libc++";
				CLANG_ENABLE_MODULES = YES;
				CLANG_ENABLE_OBJC_ARC = YES;
				CLANG_ENABLE_OBJC_WEAK = YES;
				CLANG_WARN_BLOCK_CAPTURE_AUTORELEASING = YES;
				CLANG_WARN_BOOL_CONVERSION = YES;
				CLANG_WARN_COMMA = YES;
				CLANG_WARN_CONSTANT_CONVERSION = YES;
				CLANG_WARN_DEPRECATED_OBJC_IMPLEMENTATIONS = YES;
				CLANG_WARN_DIRECT_OBJC_ISA_USAGE = YES_ERROR;
				CLANG_WARN_DOCUMENTATION_COMMENTS = YES;
				CLANG_WARN_EMPTY_BODY = YES;
				CLANG_WARN_ENUM_CONVERSION = YES;
				CLANG_WARN_INFINITE_RECURSION = YES;
				CLANG_WARN_INT_CONVERSION = YES;
				CLANG_WARN_NON_LITERAL_NULL_CONVERSION = YES;
				CLANG_WARN_OBJC_IMPLICIT_RETAIN_SELF = YES;
				CLANG_WARN_OBJC_LITERAL_CONVERSION = YES;
				CLANG_WARN_OBJC_ROOT_CLASS = YES_ERROR;
				CLANG_WARN_QUOTED_INCLUDE_IN_FRAMEWORK_HEADER = YES;
				CLANG_WARN_RANGE_LOOP_ANALYSIS = YES;
				CLANG_WARN_STRICT_PROTOTYPES = YES;
				CLANG_WARN_SUSPICIOUS_MOVE = YES;
				CLANG_WARN_UNGUARDED_AVAILABILITY = YES_AGGRESSIVE;
				CLANG_WARN_UNREACHABLE_CODE = YES;
				CLANG_WARN__DUPLICATE_METHOD_MATCH = YES;
				COPY_PHASE_STRIP = NO;
				DEBUG_INFORMATION_FORMAT = "dwarf-with-dsym";
				ENABLE_NS_ASSERTIONS = NO;
				ENABLE_STRICT_OBJC_MSGSEND = YES;
				GCC_C_LANGUAGE_STANDARD = gnu11;
				GCC_NO_COMMON_BLOCKS = YES;
				GCC_WARN_64_TO_32_BIT_CONVERSION = YES;
				GCC_WARN_ABOUT_RETURN_TYPE = YES_ERROR;
				GCC_WARN_UNDECLARED_SELECTOR = YES;
				GCC_WARN_UNINITIALIZED_AUTOS = YES_AGGRESSIVE;
				GCC_WARN_UNUSED_FUNCTION = YES;
				GCC_WARN_UNUSED_VARIABLE = YES;
				IPHONEOS_DEPLOYMENT_TARGET = 15.0;
				MTL_ENABLE_DEBUG_INFO = NO;
				MTL_FAST_MATH = YES;
				SDKROOT = iphoneos;
				SWIFT_COMPILATION_MODE = wholemodule;
				SWIFT_OPTIMIZATION_LEVEL = "-O";
				VALIDATE_PRODUCT = YES;
			};
			name = Release;
		};
		6D4BD89227505288004F454A /* Debug */ = {
			isa = XCBuildConfiguration;
			baseConfigurationReference = 361591EE295098E693E3AE8E /* Pods-chpanPW6.debug.xcconfig */;
			buildSettings = {
				ASSETCATALOG_COMPILER_APPICON_NAME = AppIcon;
				ASSETCATALOG_COMPILER_GLOBAL_ACCENT_COLOR_NAME = AccentColor;
				CODE_SIGN_STYLE = Automatic;
				CURRENT_PROJECT_VERSION = 1;
				DEVELOPMENT_TEAM = ADA785NP67;
				GENERATE_INFOPLIST_FILE = YES;
				INFOPLIST_FILE = chpanPW6/Info.plist;
				INFOPLIST_KEY_UIApplicationSupportsIndirectInputEvents = YES;
				INFOPLIST_KEY_UILaunchStoryboardName = LaunchScreen;
				INFOPLIST_KEY_UIMainStoryboardFile = Main;
				INFOPLIST_KEY_UISupportedInterfaceOrientations_iPad = "UIInterfaceOrientationPortrait UIInterfaceOrientationPortraitUpsideDown UIInterfaceOrientationLandscapeLeft UIInterfaceOrientationLandscapeRight";
				INFOPLIST_KEY_UISupportedInterfaceOrientations_iPhone = "UIInterfaceOrientationPortrait UIInterfaceOrientationLandscapeLeft UIInterfaceOrientationLandscapeRight";
				LD_RUNPATH_SEARCH_PATHS = (
					"$(inherited)",
					"@executable_path/Frameworks",
				);
				MARKETING_VERSION = 1.0;
				PRODUCT_BUNDLE_IDENTIFIER = HSE.chpanPW6;
				PRODUCT_NAME = "$(TARGET_NAME)";
				SWIFT_EMIT_LOC_STRINGS = YES;
				SWIFT_VERSION = 5.0;
				TARGETED_DEVICE_FAMILY = "1,2";
			};
			name = Debug;
		};
		6D4BD89327505288004F454A /* Release */ = {
			isa = XCBuildConfiguration;
			baseConfigurationReference = 0AC01D4ACF87B71221B62F07 /* Pods-chpanPW6.release.xcconfig */;
			buildSettings = {
				ASSETCATALOG_COMPILER_APPICON_NAME = AppIcon;
				ASSETCATALOG_COMPILER_GLOBAL_ACCENT_COLOR_NAME = AccentColor;
				CODE_SIGN_STYLE = Automatic;
				CURRENT_PROJECT_VERSION = 1;
				DEVELOPMENT_TEAM = ADA785NP67;
				GENERATE_INFOPLIST_FILE = YES;
				INFOPLIST_FILE = chpanPW6/Info.plist;
				INFOPLIST_KEY_UIApplicationSupportsIndirectInputEvents = YES;
				INFOPLIST_KEY_UILaunchStoryboardName = LaunchScreen;
				INFOPLIST_KEY_UIMainStoryboardFile = Main;
				INFOPLIST_KEY_UISupportedInterfaceOrientations_iPad = "UIInterfaceOrientationPortrait UIInterfaceOrientationPortraitUpsideDown UIInterfaceOrientationLandscapeLeft UIInterfaceOrientationLandscapeRight";
				INFOPLIST_KEY_UISupportedInterfaceOrientations_iPhone = "UIInterfaceOrientationPortrait UIInterfaceOrientationLandscapeLeft UIInterfaceOrientationLandscapeRight";
				LD_RUNPATH_SEARCH_PATHS = (
					"$(inherited)",
					"@executable_path/Frameworks",
				);
				MARKETING_VERSION = 1.0;
				PRODUCT_BUNDLE_IDENTIFIER = HSE.chpanPW6;
				PRODUCT_NAME = "$(TARGET_NAME)";
				SWIFT_EMIT_LOC_STRINGS = YES;
				SWIFT_VERSION = 5.0;
				TARGETED_DEVICE_FAMILY = "1,2";
			};
			name = Release;
		};
		6D4BD89527505288004F454A /* Debug */ = {
			isa = XCBuildConfiguration;
			buildSettings = {
				ALWAYS_EMBED_SWIFT_STANDARD_LIBRARIES = YES;
				BUNDLE_LOADER = "$(TEST_HOST)";
				CODE_SIGN_STYLE = Automatic;
				CURRENT_PROJECT_VERSION = 1;
				DEVELOPMENT_TEAM = ADA785NP67;
				GENERATE_INFOPLIST_FILE = YES;
				IPHONEOS_DEPLOYMENT_TARGET = 15.0;
				LD_RUNPATH_SEARCH_PATHS = (
					"$(inherited)",
					"@executable_path/Frameworks",
					"@loader_path/Frameworks",
				);
				MARKETING_VERSION = 1.0;
				PRODUCT_BUNDLE_IDENTIFIER = HSE.chpanPW6Tests;
				PRODUCT_NAME = "$(TARGET_NAME)";
				SWIFT_EMIT_LOC_STRINGS = NO;
				SWIFT_VERSION = 5.0;
				TARGETED_DEVICE_FAMILY = "1,2";
				TEST_HOST = "$(BUILT_PRODUCTS_DIR)/chpanPW6.app/chpanPW6";
			};
			name = Debug;
		};
		6D4BD89627505288004F454A /* Release */ = {
			isa = XCBuildConfiguration;
			buildSettings = {
				ALWAYS_EMBED_SWIFT_STANDARD_LIBRARIES = YES;
				BUNDLE_LOADER = "$(TEST_HOST)";
				CODE_SIGN_STYLE = Automatic;
				CURRENT_PROJECT_VERSION = 1;
				DEVELOPMENT_TEAM = ADA785NP67;
				GENERATE_INFOPLIST_FILE = YES;
				IPHONEOS_DEPLOYMENT_TARGET = 15.0;
				LD_RUNPATH_SEARCH_PATHS = (
					"$(inherited)",
					"@executable_path/Frameworks",
					"@loader_path/Frameworks",
				);
				MARKETING_VERSION = 1.0;
				PRODUCT_BUNDLE_IDENTIFIER = HSE.chpanPW6Tests;
				PRODUCT_NAME = "$(TARGET_NAME)";
				SWIFT_EMIT_LOC_STRINGS = NO;
				SWIFT_VERSION = 5.0;
				TARGETED_DEVICE_FAMILY = "1,2";
				TEST_HOST = "$(BUILT_PRODUCTS_DIR)/chpanPW6.app/chpanPW6";
			};
			name = Release;
		};
		6D4BD89827505288004F454A /* Debug */ = {
			isa = XCBuildConfiguration;
			buildSettings = {
				ALWAYS_EMBED_SWIFT_STANDARD_LIBRARIES = YES;
				CODE_SIGN_STYLE = Automatic;
				CURRENT_PROJECT_VERSION = 1;
				DEVELOPMENT_TEAM = ADA785NP67;
				GENERATE_INFOPLIST_FILE = YES;
				LD_RUNPATH_SEARCH_PATHS = (
					"$(inherited)",
					"@executable_path/Frameworks",
					"@loader_path/Frameworks",
				);
				MARKETING_VERSION = 1.0;
				PRODUCT_BUNDLE_IDENTIFIER = HSE.chpanPW6UITests;
				PRODUCT_NAME = "$(TARGET_NAME)";
				SWIFT_EMIT_LOC_STRINGS = NO;
				SWIFT_VERSION = 5.0;
				TARGETED_DEVICE_FAMILY = "1,2";
				TEST_TARGET_NAME = chpanPW6;
			};
			name = Debug;
		};
		6D4BD89927505288004F454A /* Release */ = {
			isa = XCBuildConfiguration;
			buildSettings = {
				ALWAYS_EMBED_SWIFT_STANDARD_LIBRARIES = YES;
				CODE_SIGN_STYLE = Automatic;
				CURRENT_PROJECT_VERSION = 1;
				DEVELOPMENT_TEAM = ADA785NP67;
				GENERATE_INFOPLIST_FILE = YES;
				LD_RUNPATH_SEARCH_PATHS = (
					"$(inherited)",
					"@executable_path/Frameworks",
					"@loader_path/Frameworks",
				);
				MARKETING_VERSION = 1.0;
				PRODUCT_BUNDLE_IDENTIFIER = HSE.chpanPW6UITests;
				PRODUCT_NAME = "$(TARGET_NAME)";
				SWIFT_EMIT_LOC_STRINGS = NO;
				SWIFT_VERSION = 5.0;
				TARGETED_DEVICE_FAMILY = "1,2";
				TEST_TARGET_NAME = chpanPW6;
			};
			name = Release;
		};
/* End XCBuildConfiguration section */

/* Begin XCConfigurationList section */
		6D4BD86227505287004F454A /* Build configuration list for PBXProject "chpanPW6" */ = {
			isa = XCConfigurationList;
			buildConfigurations = (
				6D4BD88F27505288004F454A /* Debug */,
				6D4BD89027505288004F454A /* Release */,
			);
			defaultConfigurationIsVisible = 0;
			defaultConfigurationName = Release;
		};
		6D4BD89127505288004F454A /* Build configuration list for PBXNativeTarget "chpanPW6" */ = {
			isa = XCConfigurationList;
			buildConfigurations = (
				6D4BD89227505288004F454A /* Debug */,
				6D4BD89327505288004F454A /* Release */,
			);
			defaultConfigurationIsVisible = 0;
			defaultConfigurationName = Release;
		};
		6D4BD89427505288004F454A /* Build configuration list for PBXNativeTarget "chpanPW6Tests" */ = {
			isa = XCConfigurationList;
			buildConfigurations = (
				6D4BD89527505288004F454A /* Debug */,
				6D4BD89627505288004F454A /* Release */,
			);
			defaultConfigurationIsVisible = 0;
			defaultConfigurationName = Release;
		};
		6D4BD89727505288004F454A /* Build configuration list for PBXNativeTarget "chpanPW6UITests" */ = {
			isa = XCConfigurationList;
			buildConfigurations = (
				6D4BD89827505288004F454A /* Debug */,
				6D4BD89927505288004F454A /* Release */,
			);
			defaultConfigurationIsVisible = 0;
			defaultConfigurationName = Release;
		};
/* End XCConfigurationList section */

/* Begin XCRemoteSwiftPackageReference section */
		6D4BD8D127512673004F454A /* XCRemoteSwiftPackageReference "swift-system.git" */ = {
			isa = XCRemoteSwiftPackageReference;
			repositoryURL = "https://github.com/apple/swift-system.git";
			requirement = {
				kind = upToNextMajorVersion;
				minimumVersion = 1.0.0;
			};
		};
/* End XCRemoteSwiftPackageReference section */

/* Begin XCSwiftPackageProductDependency section */
		6D4BD8D227512673004F454A /* SystemPackage */ = {
			isa = XCSwiftPackageProductDependency;
			package = 6D4BD8D127512673004F454A /* XCRemoteSwiftPackageReference "swift-system.git" */;
			productName = SystemPackage;
		};
		6D4BD906275138C2004F454A /* MyLogger2 */ = {
			isa = XCSwiftPackageProductDependency;
			productName = MyLogger2;
		};
/* End XCSwiftPackageProductDependency section */
	};
	rootObject = 6D4BD85F27505287004F454A /* Project object */;
}
